<?xml version="1.0" encoding="utf-8"?>
<Project ToolsVersion="4.0" xmlns="http://schemas.microsoft.com/developer/msbuild/2003">
  <ItemGroup>
    <Filter Include="00.System">
      <UniqueIdentifier>{1a19cb95-8c54-4580-9bac-d90c8097c672}</UniqueIdentifier>
    </Filter>
    <Filter Include="01.Utility">
      <UniqueIdentifier>{8d1d710a-2b5b-4929-974e-97740f39f91d}</UniqueIdentifier>
    </Filter>
    <Filter Include="99.Defines">
      <UniqueIdentifier>{d0e54a09-198b-4260-ade5-c39ff5b26346}</UniqueIdentifier>
    </Filter>
    <Filter Include="01.Utility\99.SuperClass">
      <UniqueIdentifier>{44a8a7cb-d2da-403d-87ee-1a2874baef33}</UniqueIdentifier>
    </Filter>
    <Filter Include="01.Utility\00.GameInstance">
      <UniqueIdentifier>{c0ebda6b-598f-4148-ada3-a52766431af3}</UniqueIdentifier>
    </Filter>
    <Filter Include="00.System\00.Device">
      <UniqueIdentifier>{76b07d8a-b562-4735-b2f2-d343d91e08c0}</UniqueIdentifier>
    </Filter>
    <Filter Include="00.System\00.Device\Graphic">
      <UniqueIdentifier>{2e6257be-9441-4fce-b9ad-d20f337865a4}</UniqueIdentifier>
    </Filter>
    <Filter Include="00.System\00.Device\Input">
      <UniqueIdentifier>{6ee4a649-2bc6-403c-813b-aaa9ce6c46e0}</UniqueIdentifier>
    </Filter>
    <Filter Include="00.System\00.Device\Sound">
      <UniqueIdentifier>{e549892a-c8ec-42fc-b4f2-e54e26b49fc4}</UniqueIdentifier>
    </Filter>
    <Filter Include="00.System\01.Timers">
      <UniqueIdentifier>{dcc84078-2787-4cf7-838d-ea50199a3e9c}</UniqueIdentifier>
    </Filter>
    <Filter Include="00.System\01.Timers\Manager">
      <UniqueIdentifier>{dbe91ffc-fe4e-45e9-ba5e-e4398d21d0d2}</UniqueIdentifier>
    </Filter>
    <Filter Include="01.Utility\01.Levles">
      <UniqueIdentifier>{384f952c-96d6-4b52-a350-07c9c6e8202c}</UniqueIdentifier>
    </Filter>
    <Filter Include="01.Utility\01.Levles\Manager">
      <UniqueIdentifier>{4015fa0e-01dc-436c-bd06-627c4bc5a611}</UniqueIdentifier>
    </Filter>
    <Filter Include="01.Utility\02.GameObjects">
      <UniqueIdentifier>{19362af7-6b13-40d7-b09b-b9fca9d0014e}</UniqueIdentifier>
    </Filter>
    <Filter Include="01.Utility\02.GameObjects\Manager">
      <UniqueIdentifier>{7d4ecf17-1079-455f-9cb1-c355a2ff9677}</UniqueIdentifier>
    </Filter>
    <Filter Include="01.Utility\02.GameObjects\Manager\Layer">
      <UniqueIdentifier>{43a709f9-d026-497a-95f1-ace4a0c32c12}</UniqueIdentifier>
    </Filter>
    <Filter Include="01.Utility\98.Renderer">
      <UniqueIdentifier>{8c0815b8-24d3-4b0f-baa8-94b526eb64e7}</UniqueIdentifier>
    </Filter>
    <Filter Include="01.Utility\03.Components">
      <UniqueIdentifier>{e01e9c2d-78af-4ca1-a702-bfb43f0bb79e}</UniqueIdentifier>
    </Filter>
    <Filter Include="01.Utility\03.Components\02.Shader">
      <UniqueIdentifier>{278b63b5-4ae4-43d3-932d-e38b3a53a20d}</UniqueIdentifier>
    </Filter>
    <Filter Include="01.Utility\03.Components\01.VIBuffer">
      <UniqueIdentifier>{b49b7628-bd19-4146-b302-f317d5d862c7}</UniqueIdentifier>
    </Filter>
    <Filter Include="01.Utility\03.Components\01.VIBuffer\Rect">
      <UniqueIdentifier>{d4f8bc63-e3f5-4322-8fb7-c6a975bdcf90}</UniqueIdentifier>
    </Filter>
    <Filter Include="01.Utility\03.Components\00.Manager">
      <UniqueIdentifier>{05723031-9109-4703-8583-3f23fe9e2929}</UniqueIdentifier>
    </Filter>
    <Filter Include="01.Utility\90.BrainTree">
      <UniqueIdentifier>{6241164f-f445-4da8-9c39-bd4325030545}</UniqueIdentifier>
    </Filter>
    <Filter Include="01.Utility\03.Components\03.Transform">
      <UniqueIdentifier>{d1885011-d8ae-4c99-9018-6e29a8240565}</UniqueIdentifier>
    </Filter>
    <Filter Include="01.Utility\03.Components\04.Texture">
      <UniqueIdentifier>{15b504af-130f-47fa-b89e-3ce40bbf6ea3}</UniqueIdentifier>
    </Filter>
    <Filter Include="01.Utility\03.Components\01.VIBuffer\Terrain">
      <UniqueIdentifier>{bcb9942e-3241-45bb-80c6-dfa8693f1f3c}</UniqueIdentifier>
    </Filter>
    <Filter Include="01.Utility\02.GameObjects\Camera">
      <UniqueIdentifier>{eed11770-c090-4337-8b49-f668fd54161d}</UniqueIdentifier>
    </Filter>
    <Filter Include="01.Utility\04.PipeLine">
      <UniqueIdentifier>{5ba9b9e2-70da-4bb4-b227-b91ffe9993f4}</UniqueIdentifier>
    </Filter>
    <Filter Include="00.System\02.InputDev">
      <UniqueIdentifier>{e67c3bd5-02a1-457f-a20c-34d17b079218}</UniqueIdentifier>
    </Filter>
    <Filter Include="01.Utility\03.Components\05.Model">
      <UniqueIdentifier>{702d591c-4b9d-41a1-8b32-c409df795f36}</UniqueIdentifier>
    </Filter>
    <Filter Include="01.Utility\03.Components\05.Model\Mesh">
      <UniqueIdentifier>{8bb95207-9fe7-4e9f-bca8-d75c9fed42d0}</UniqueIdentifier>
    </Filter>
    <Filter Include="01.Utility\03.Components\01.VIBuffer\Terrain\Dynamic">
      <UniqueIdentifier>{a1b7f292-30ec-4414-b15d-872fbbac8153}</UniqueIdentifier>
    </Filter>
    <Filter Include="01.Utility\91.RapidJson">
      <UniqueIdentifier>{be2c1af3-4e18-4b8d-ba19-2e595e13211a}</UniqueIdentifier>
    </Filter>
    <Filter Include="01.Utility\91.RapidJson\Json">
      <UniqueIdentifier>{22594367-3c7e-4b88-a4c6-2aad439174da}</UniqueIdentifier>
    </Filter>
    <Filter Include="01.Utility\03.Components\05.Model\Mesh\GamePlay">
      <UniqueIdentifier>{3ef59217-f0e6-4d74-afdf-9e0997e20845}</UniqueIdentifier>
    </Filter>
    <Filter Include="01.Utility\03.Components\05.Model\Mesh\Tool">
      <UniqueIdentifier>{02f67cea-56ab-4551-acec-9e52e235eeab}</UniqueIdentifier>
    </Filter>
    <Filter Include="01.Utility\03.Components\05.Model\Bone">
      <UniqueIdentifier>{e111a3bf-9b75-4c02-957b-71114869593f}</UniqueIdentifier>
    </Filter>
    <Filter Include="01.Utility\03.Components\05.Model\Animation">
      <UniqueIdentifier>{dd54c86a-8fee-43f0-b293-1242dbaaa17a}</UniqueIdentifier>
    </Filter>
    <Filter Include="01.Utility\03.Components\05.Model\Animation\Channel">
      <UniqueIdentifier>{1e247e24-c486-426a-890d-4a7b64472099}</UniqueIdentifier>
    </Filter>
    <Filter Include="01.Utility\03.Components\01.VIBuffer\Terrain\Static">
      <UniqueIdentifier>{e056d15b-2e2b-44a8-a5fe-7bafab53eae8}</UniqueIdentifier>
    </Filter>
    <Filter Include="01.Utility\03.Components\05.Model\Model">
      <UniqueIdentifier>{85e6bbf0-7fdc-4757-a4b7-8ba139e731a7}</UniqueIdentifier>
    </Filter>
    <Filter Include="01.Utility\03.Components\05.Model\Model\Tool">
      <UniqueIdentifier>{93bef476-751a-4fbd-8843-fc0243dfe42f}</UniqueIdentifier>
    </Filter>
    <Filter Include="01.Utility\03.Components\05.Model\Model\GamePlay">
      <UniqueIdentifier>{3ac28e4c-013b-46b1-81fe-b5a94891fd05}</UniqueIdentifier>
    </Filter>
    <Filter Include="01.Utility\03.Components\01.VIBuffer\Terrain\Dynamic\Dynamic_Plane">
      <UniqueIdentifier>{a7d51065-269f-4d81-8230-1ade511ba69a}</UniqueIdentifier>
    </Filter>
    <Filter Include="01.Utility\03.Components\01.VIBuffer\Terrain\Dynamic\Dynamic_Terrain">
      <UniqueIdentifier>{90db5b33-d629-4281-aa34-1548a5140d13}</UniqueIdentifier>
    </Filter>
    <Filter Include="01.Utility\03.Components\01.VIBuffer\Cell">
      <UniqueIdentifier>{533ce6b1-7c28-4518-8250-e55dfa53c026}</UniqueIdentifier>
    </Filter>
    <Filter Include="01.Utility\02.GameObjects\Character">
      <UniqueIdentifier>{6648278e-a456-4262-85bd-e6a36fe4e644}</UniqueIdentifier>
    </Filter>
    <Filter Include="01.Utility\03.Components\01.VIBuffer\Cell">
      <UniqueIdentifier>{3bef20e3-96f0-47e7-8d15-58482561ca00}</UniqueIdentifier>
    </Filter>
    <Filter Include="01.Utility\03.Components\06.Navigation">
      <UniqueIdentifier>{1b55f55b-0bf7-46e3-90f6-0bf49c44debf}</UniqueIdentifier>
    </Filter>
    <Filter Include="01.Utility\03.Components\06.Navigation\Cell">
      <UniqueIdentifier>{f6ae09a2-decc-43a8-8eec-2098c6ede900}</UniqueIdentifier>
    </Filter>
    <Filter Include="91.ShaderFiles">
      <UniqueIdentifier>{5f93ed6c-e779-45f0-b182-344e51c83a58}</UniqueIdentifier>
    </Filter>
    <Filter Include="01.Utility\03.Components\01.VIBuffer\Cube">
      <UniqueIdentifier>{3be7f3be-9695-4eeb-9723-692009aad681}</UniqueIdentifier>
    </Filter>
    <Filter Include="01.Utility\97.MyAssimp">
      <UniqueIdentifier>{30d1e5a9-21e1-4835-be41-470e795f85e0}</UniqueIdentifier>
    </Filter>
    <Filter Include="01.Utility\97.MyAssimp\0.Importer">
      <UniqueIdentifier>{36994a88-1ac1-4bd9-998c-9a31fb9bd292}</UniqueIdentifier>
    </Filter>
    <Filter Include="01.Utility\97.MyAssimp\1.AIScene">
      <UniqueIdentifier>{a2ed1d5a-a829-470c-806b-223c9f24a33e}</UniqueIdentifier>
    </Filter>
    <Filter Include="01.Utility\97.MyAssimp\2.AIMesh">
      <UniqueIdentifier>{763df2f4-4c1d-4e2d-b485-801af0f9f768}</UniqueIdentifier>
    </Filter>
    <Filter Include="01.Utility\97.MyAssimp\3.AIMaterial">
      <UniqueIdentifier>{943567eb-37b0-4160-b8d2-73f3bc784e9a}</UniqueIdentifier>
    </Filter>
    <Filter Include="01.Utility\97.MyAssimp\4.AIAnimation">
      <UniqueIdentifier>{b0eb9e79-6366-40f6-ae82-a3c5d6e5e398}</UniqueIdentifier>
    </Filter>
    <Filter Include="01.Utility\97.MyAssimp\4.AIAnimation\AINodeAnim">
      <UniqueIdentifier>{cf1820b9-3636-40e7-b26d-cf58e1885e96}</UniqueIdentifier>
    </Filter>
    <Filter Include="01.Utility\97.MyAssimp\1.AIScene\AINode">
      <UniqueIdentifier>{22ba9862-97f8-4322-b7b7-5e9a592f5ccb}</UniqueIdentifier>
    </Filter>
    <Filter Include="01.Utility\97.MyAssimp\4.AIAnimation\AINodeAnim\AIVectorKey">
      <UniqueIdentifier>{0cd7925a-a398-451d-9274-3de4034dd55a}</UniqueIdentifier>
    </Filter>
    <Filter Include="01.Utility\97.MyAssimp\4.AIAnimation\AINodeAnim\AIQuatKey">
      <UniqueIdentifier>{ab490601-2bd8-44cb-93a3-4a63a338e3f7}</UniqueIdentifier>
    </Filter>
    <Filter Include="01.Utility\97.MyAssimp\2.AIMesh\AIFace">
      <UniqueIdentifier>{5188ff4d-c612-41ed-9257-4ffd0e3aa8b2}</UniqueIdentifier>
    </Filter>
    <Filter Include="01.Utility\97.MyAssimp\2.AIMesh\AIBone">
      <UniqueIdentifier>{5588b394-ae65-4efa-85ae-fafadf31d97b}</UniqueIdentifier>
    </Filter>
    <Filter Include="01.Utility\97.MyAssimp\2.AIMesh\AIBone\AIVertexWeight">
      <UniqueIdentifier>{e97375c9-8668-4697-81cd-e25c31fc773e}</UniqueIdentifier>
    </Filter>
    <Filter Include="01.Utility\03.Components\07.Collider">
      <UniqueIdentifier>{c05576ab-fdaa-47ca-9f7f-539aeaff5a6b}</UniqueIdentifier>
    </Filter>
    <Filter Include="01.Utility\03.Components\07.Collider\Bounding">
      <UniqueIdentifier>{3a0f4769-0b8f-4248-89e6-fce01dea1abb}</UniqueIdentifier>
    </Filter>
    <Filter Include="01.Utility\03.Components\07.Collider\Bounding\AABB">
      <UniqueIdentifier>{78aa47ed-0bb9-4a72-919d-532435d6ab2a}</UniqueIdentifier>
    </Filter>
    <Filter Include="01.Utility\03.Components\07.Collider\Bounding\OBB">
      <UniqueIdentifier>{9db9a942-9660-43f5-89b6-735fc1bbe04f}</UniqueIdentifier>
    </Filter>
    <Filter Include="01.Utility\03.Components\07.Collider\Bounding\Sphere">
      <UniqueIdentifier>{0e9e269e-29ae-4749-8ad7-3c4d6eb745bb}</UniqueIdentifier>
    </Filter>
    <Filter Include="01.Utility\03.Components\07.Collider\DebugDraw">
      <UniqueIdentifier>{d1cfc08b-5c59-454a-bc46-dba7e4f7f329}</UniqueIdentifier>
    </Filter>
    <Filter Include="01.Utility\02.GameObjects\Character\Parts">
      <UniqueIdentifier>{d529dc5c-1a04-4e27-8945-ee75942c5896}</UniqueIdentifier>
    </Filter>
    <Filter Include="01.Utility\02.GameObjects\Character\Parts\Body">
      <UniqueIdentifier>{8df045ee-de67-432d-b8ad-b4052056b031}</UniqueIdentifier>
    </Filter>
    <Filter Include="01.Utility\02.GameObjects\Character\Parts\Weapon">
      <UniqueIdentifier>{0e160323-00aa-4665-8fef-a787303f4465}</UniqueIdentifier>
    </Filter>
    <Filter Include="01.Utility\02.GameObjects\Character\Temp">
      <UniqueIdentifier>{a1104ab2-9c26-48bb-81e7-c9844b8f137d}</UniqueIdentifier>
    </Filter>
    <Filter Include="01.Utility\05.Fonts">
      <UniqueIdentifier>{726105f5-1ef2-4f39-a0f1-95fb4b92404e}</UniqueIdentifier>
    </Filter>
    <Filter Include="01.Utility\05.Fonts\Manager">
      <UniqueIdentifier>{d3f6710f-7c77-4055-91c9-07fd23e221de}</UniqueIdentifier>
    </Filter>
    <Filter Include="01.Utility\03.Components\01.VIBuffer\Particle">
      <UniqueIdentifier>{bb0d6aff-cf77-4906-9851-2900d938f773}</UniqueIdentifier>
    </Filter>
    <Filter Include="01.Utility\03.Components\01.VIBuffer\Particle\Instancing">
      <UniqueIdentifier>{3c053b18-2fe6-4ce9-87b0-c20f75c0e071}</UniqueIdentifier>
    </Filter>
    <Filter Include="01.Utility\03.Components\01.VIBuffer\Particle\Instancing\Point">
      <UniqueIdentifier>{61347b4d-e1aa-4ccb-97c6-c2b6592d04d0}</UniqueIdentifier>
    </Filter>
    <Filter Include="01.Utility\03.Components\01.VIBuffer\Particle\Instancing\Rect">
      <UniqueIdentifier>{3c5f4562-77ce-43ed-8775-c48ba64a27fa}</UniqueIdentifier>
    </Filter>
  </ItemGroup>
  <ItemGroup>
    <ClInclude Include="..\public\Base.h">
      <Filter>01.Utility\99.SuperClass</Filter>
    </ClInclude>
    <ClInclude Include="..\Public\Engine_Macro.h">
      <Filter>99.Defines</Filter>
    </ClInclude>
    <ClInclude Include="..\Public\Engine_Typedef.h">
      <Filter>99.Defines</Filter>
    </ClInclude>
    <ClInclude Include="..\Public\Engine_Function.h">
      <Filter>99.Defines</Filter>
    </ClInclude>
    <ClInclude Include="..\Public\Engine_Defines.h">
      <Filter>99.Defines</Filter>
    </ClInclude>
    <ClInclude Include="..\public\GameInstance.h">
      <Filter>01.Utility\00.GameInstance</Filter>
    </ClInclude>
    <ClInclude Include="..\Public\Graphic_Device.h">
      <Filter>00.System\00.Device\Graphic</Filter>
    </ClInclude>
    <ClInclude Include="..\Public\Timer.h">
      <Filter>00.System\01.Timers</Filter>
    </ClInclude>
    <ClInclude Include="..\Public\Timer_Manager.h">
      <Filter>00.System\01.Timers\Manager</Filter>
    </ClInclude>
    <ClInclude Include="..\public\Level.h">
      <Filter>01.Utility\01.Levles</Filter>
    </ClInclude>
    <ClInclude Include="..\public\Level_Manager.h">
      <Filter>01.Utility\01.Levles\Manager</Filter>
    </ClInclude>
    <ClInclude Include="..\Public\GameObject.h">
      <Filter>01.Utility\02.GameObjects</Filter>
    </ClInclude>
    <ClInclude Include="..\public\Object_Manager.h">
      <Filter>01.Utility\02.GameObjects\Manager</Filter>
    </ClInclude>
    <ClInclude Include="..\Public\Layer.h">
      <Filter>01.Utility\02.GameObjects\Manager\Layer</Filter>
    </ClInclude>
    <ClInclude Include="..\public\Renderer.h">
      <Filter>01.Utility\98.Renderer</Filter>
    </ClInclude>
    <ClInclude Include="..\public\Component.h">
      <Filter>01.Utility\03.Components</Filter>
    </ClInclude>
    <ClInclude Include="..\public\VIBuffer.h">
      <Filter>01.Utility\03.Components\01.VIBuffer</Filter>
    </ClInclude>
    <ClInclude Include="..\public\VIBuffer_Rect.h">
      <Filter>01.Utility\03.Components\01.VIBuffer\Rect</Filter>
    </ClInclude>
    <ClInclude Include="..\Public\Component_Manager.h">
      <Filter>01.Utility\03.Components\00.Manager</Filter>
    </ClInclude>
    <ClInclude Include="..\Public\Shader.h">
      <Filter>01.Utility\03.Components\02.Shader</Filter>
    </ClInclude>
    <ClInclude Include="..\Public\BrainTree.h">
      <Filter>01.Utility\90.BrainTree</Filter>
    </ClInclude>
    <ClInclude Include="..\Public\Transform.h">
      <Filter>01.Utility\03.Components\03.Transform</Filter>
    </ClInclude>
    <ClInclude Include="..\Public\Texture.h">
      <Filter>01.Utility\03.Components\04.Texture</Filter>
    </ClInclude>
    <ClInclude Include="..\Public\VIBuffer_Terrain.h">
      <Filter>01.Utility\03.Components\01.VIBuffer\Terrain</Filter>
    </ClInclude>
    <ClInclude Include="..\Public\Camera.h">
      <Filter>01.Utility\02.GameObjects\Camera</Filter>
    </ClInclude>
    <ClInclude Include="..\Public\PipeLine.h">
      <Filter>01.Utility\04.PipeLine</Filter>
    </ClInclude>
    <ClInclude Include="..\Public\InputDev.h">
      <Filter>00.System\02.InputDev</Filter>
    </ClInclude>
    <ClInclude Include="..\Public\Engine_Enum.h">
      <Filter>99.Defines</Filter>
    </ClInclude>
    <ClInclude Include="..\Public\Mesh.h">
      <Filter>01.Utility\03.Components\05.Model\Mesh</Filter>
    </ClInclude>
    <ClInclude Include="..\Public\RapidJson.h">
      <Filter>01.Utility\91.RapidJson</Filter>
    </ClInclude>
    <ClInclude Include="..\Public\Json\json.hpp">
      <Filter>01.Utility\91.RapidJson\Json</Filter>
    </ClInclude>
    <ClInclude Include="..\Public\Bone.h">
      <Filter>01.Utility\03.Components\05.Model\Bone</Filter>
    </ClInclude>
    <ClInclude Include="..\Public\Mesh_Tool.h">
      <Filter>01.Utility\03.Components\05.Model\Mesh\Tool</Filter>
    </ClInclude>
    <ClInclude Include="..\Public\Mesh_GamePlay.h">
      <Filter>01.Utility\03.Components\05.Model\Mesh\GamePlay</Filter>
    </ClInclude>
    <ClInclude Include="..\Public\Channel.h">
      <Filter>01.Utility\03.Components\05.Model\Animation\Channel</Filter>
    </ClInclude>
    <ClInclude Include="..\Public\VIBuffer_Static_Terrain.h">
      <Filter>01.Utility\03.Components\01.VIBuffer\Terrain\Static</Filter>
    </ClInclude>
    <ClInclude Include="..\Public\Model_Tool.h">
      <Filter>01.Utility\03.Components\05.Model\Model\Tool</Filter>
    </ClInclude>
    <ClInclude Include="..\Public\Model_GamePlay.h">
      <Filter>01.Utility\03.Components\05.Model\Model\GamePlay</Filter>
    </ClInclude>
    <ClInclude Include="..\Public\Json\Json_Utility.h">
      <Filter>01.Utility\91.RapidJson\Json</Filter>
    </ClInclude>
    <ClInclude Include="..\Public\VIBuffer_Dynamic_Plane.h">
      <Filter>01.Utility\03.Components\01.VIBuffer\Terrain\Dynamic\Dynamic_Plane</Filter>
    </ClInclude>
    <ClInclude Include="..\Public\VIBuffer_Dynamic_Terrain_Origin.h">
      <Filter>01.Utility\03.Components\01.VIBuffer\Terrain\Dynamic</Filter>
    </ClInclude>
    <ClInclude Include="..\Public\VIBuffer_Dynamic_Terrain.h">
      <Filter>01.Utility\03.Components\01.VIBuffer\Terrain\Dynamic\Dynamic_Terrain</Filter>
    </ClInclude>
    <ClInclude Include="..\Public\VIBuffer_Cell.h">
      <Filter>01.Utility\03.Components\01.VIBuffer\Cell</Filter>
    </ClInclude>
    <ClInclude Include="..\Public\Animation.h">
      <Filter>01.Utility\03.Components\05.Model\Animation</Filter>
    </ClInclude>
    <ClInclude Include="..\Public\Navigation.h">
      <Filter>01.Utility\03.Components\06.Navigation</Filter>
    </ClInclude>
    <ClInclude Include="..\Public\Cell.h">
      <Filter>01.Utility\03.Components\06.Navigation\Cell</Filter>
    </ClInclude>
    <ClInclude Include="..\Public\Model.h">
      <Filter>01.Utility\03.Components\05.Model\Model</Filter>
    </ClInclude>
    <ClInclude Include="..\Public\VIBuffer_Cube.h">
      <Filter>01.Utility\03.Components\01.VIBuffer\Cube</Filter>
    </ClInclude>
    <ClInclude Include="..\Public\MyAssimp.h">
      <Filter>01.Utility\97.MyAssimp\0.Importer</Filter>
    </ClInclude>
    <ClInclude Include="..\Public\MyAIScene.h">
      <Filter>01.Utility\97.MyAssimp\1.AIScene</Filter>
    </ClInclude>
    <ClInclude Include="..\Public\MyAIMesh.h">
      <Filter>01.Utility\97.MyAssimp\2.AIMesh</Filter>
    </ClInclude>
    <ClInclude Include="..\Public\MyAINodeAnimation.h">
      <Filter>01.Utility\97.MyAssimp\4.AIAnimation\AINodeAnim</Filter>
    </ClInclude>
    <ClInclude Include="..\Public\MyAIBone.h">
      <Filter>01.Utility\97.MyAssimp\2.AIMesh\AIBone</Filter>
    </ClInclude>
    <ClInclude Include="..\Public\MyAINode.h">
      <Filter>01.Utility\97.MyAssimp\1.AIScene\AINode</Filter>
    </ClInclude>
    <ClInclude Include="..\Public\MyAIVertexWeight.h">
      <Filter>01.Utility\97.MyAssimp\2.AIMesh\AIBone\AIVertexWeight</Filter>
    </ClInclude>
    <ClInclude Include="..\Public\MyAIVectorKey.h">
      <Filter>01.Utility\97.MyAssimp\4.AIAnimation\AINodeAnim\AIVectorKey</Filter>
    </ClInclude>
    <ClInclude Include="..\Public\MyAIQuatKey.h">
      <Filter>01.Utility\97.MyAssimp\4.AIAnimation\AINodeAnim\AIQuatKey</Filter>
    </ClInclude>
    <ClInclude Include="..\Public\MyAIAnimation.h">
      <Filter>01.Utility\97.MyAssimp\4.AIAnimation</Filter>
    </ClInclude>
    <ClInclude Include="..\Public\MyAIFace.h">
      <Filter>01.Utility\97.MyAssimp\2.AIMesh\AIFace</Filter>
    </ClInclude>
    <ClInclude Include="..\Public\MyAIMaterial.h">
      <Filter>01.Utility\97.MyAssimp\3.AIMaterial</Filter>
    </ClInclude>
    <ClInclude Include="..\Public\DebugDraw.h">
      <Filter>01.Utility\03.Components\07.Collider\DebugDraw</Filter>
    </ClInclude>
    <ClInclude Include="..\Public\Bounding.h">
      <Filter>01.Utility\03.Components\07.Collider\Bounding</Filter>
    </ClInclude>
    <ClInclude Include="..\Public\Bounding_AABB.h">
      <Filter>01.Utility\03.Components\07.Collider\Bounding\AABB</Filter>
    </ClInclude>
    <ClInclude Include="..\Public\Bounding_OBB.h">
      <Filter>01.Utility\03.Components\07.Collider\Bounding\OBB</Filter>
    </ClInclude>
    <ClInclude Include="..\Public\Bounding_Sphere.h">
      <Filter>01.Utility\03.Components\07.Collider\Bounding\Sphere</Filter>
    </ClInclude>
    <ClInclude Include="..\Public\Collider.h">
      <Filter>01.Utility\03.Components\07.Collider</Filter>
    </ClInclude>
    <ClInclude Include="..\Public\Body.h">
      <Filter>01.Utility\02.GameObjects\Character\Parts\Body</Filter>
    </ClInclude>
    <ClInclude Include="..\Public\Weapon.h">
      <Filter>01.Utility\02.GameObjects\Character\Parts\Weapon</Filter>
    </ClInclude>
    <ClInclude Include="..\Public\Character_Temp.h">
      <Filter>01.Utility\02.GameObjects\Character\Temp</Filter>
    </ClInclude>
    <ClInclude Include="..\Public\Character.h">
      <Filter>01.Utility\02.GameObjects\Character</Filter>
    </ClInclude>
    <ClInclude Include="..\Public\Fonts.h">
      <Filter>01.Utility\05.Fonts</Filter>
    </ClInclude>
    <ClInclude Include="..\Public\Fonts_Manager.h">
      <Filter>01.Utility\05.Fonts\Manager</Filter>
    </ClInclude>
    <ClInclude Include="..\Public\VIBuffer_Instancing.h">
      <Filter>01.Utility\03.Components\01.VIBuffer\Particle\Instancing</Filter>
    </ClInclude>
    <ClInclude Include="..\Public\VIBuffer_Particle_Point.h">
      <Filter>01.Utility\03.Components\01.VIBuffer\Particle\Instancing\Point</Filter>
    </ClInclude>
    <ClInclude Include="..\Public\VIBuffer_Particle_Rect.h">
      <Filter>01.Utility\03.Components\01.VIBuffer\Particle\Instancing\Rect</Filter>
    </ClInclude>
    <ClInclude Include="..\Public\Engine_Struct.h">
      <Filter>99.Defines</Filter>
    </ClInclude>
  </ItemGroup>
  <ItemGroup>
    <ClCompile Include="..\private\Base.cpp">
      <Filter>01.Utility\99.SuperClass</Filter>
    </ClCompile>
    <ClCompile Include="..\private\GameInstance.cpp">
      <Filter>01.Utility\00.GameInstance</Filter>
    </ClCompile>
    <ClCompile Include="..\Private\Graphic_Device.cpp">
      <Filter>00.System\00.Device\Graphic</Filter>
    </ClCompile>
    <ClCompile Include="..\Private\Timer.cpp">
      <Filter>00.System\01.Timers</Filter>
    </ClCompile>
    <ClCompile Include="..\Private\Timer_Manager.cpp">
      <Filter>00.System\01.Timers\Manager</Filter>
    </ClCompile>
    <ClCompile Include="..\private\Level.cpp">
      <Filter>01.Utility\01.Levles</Filter>
    </ClCompile>
    <ClCompile Include="..\private\Level_Manager.cpp">
      <Filter>01.Utility\01.Levles\Manager</Filter>
    </ClCompile>
    <ClCompile Include="..\Private\GameObject.cpp">
      <Filter>01.Utility\02.GameObjects</Filter>
    </ClCompile>
    <ClCompile Include="..\private\Object_Manager.cpp">
      <Filter>01.Utility\02.GameObjects\Manager</Filter>
    </ClCompile>
    <ClCompile Include="..\Private\Layer.cpp">
      <Filter>01.Utility\02.GameObjects\Manager\Layer</Filter>
    </ClCompile>
    <ClCompile Include="..\private\Renderer.cpp">
      <Filter>01.Utility\98.Renderer</Filter>
    </ClCompile>
    <ClCompile Include="..\private\Component.cpp">
      <Filter>01.Utility\03.Components</Filter>
    </ClCompile>
    <ClCompile Include="..\private\VIBuffer.cpp">
      <Filter>01.Utility\03.Components\01.VIBuffer</Filter>
    </ClCompile>
    <ClCompile Include="..\private\VIBuffer_Rect.cpp">
      <Filter>01.Utility\03.Components\01.VIBuffer\Rect</Filter>
    </ClCompile>
    <ClCompile Include="..\Private\Component_Manager.cpp">
      <Filter>01.Utility\03.Components\00.Manager</Filter>
    </ClCompile>
    <ClCompile Include="..\Private\Shader.cpp">
      <Filter>01.Utility\03.Components\02.Shader</Filter>
    </ClCompile>
    <ClCompile Include="..\Private\Transform.cpp">
      <Filter>01.Utility\03.Components\03.Transform</Filter>
    </ClCompile>
    <ClCompile Include="..\Private\Texture.cpp">
      <Filter>01.Utility\03.Components\04.Texture</Filter>
    </ClCompile>
    <ClCompile Include="..\Private\VIBuffer_Terrain.cpp">
      <Filter>01.Utility\03.Components\01.VIBuffer\Terrain</Filter>
    </ClCompile>
    <ClCompile Include="..\Private\Camera.cpp">
      <Filter>01.Utility\02.GameObjects\Camera</Filter>
    </ClCompile>
    <ClCompile Include="..\Private\PipeLine.cpp">
      <Filter>01.Utility\04.PipeLine</Filter>
    </ClCompile>
    <ClCompile Include="..\Private\InputDev.cpp">
      <Filter>00.System\02.InputDev</Filter>
    </ClCompile>
    <ClCompile Include="..\Private\Mesh.cpp">
      <Filter>01.Utility\03.Components\05.Model\Mesh</Filter>
    </ClCompile>
    <ClCompile Include="..\Private\RapidJson.cpp">
      <Filter>01.Utility\91.RapidJson</Filter>
    </ClCompile>
    <ClCompile Include="..\Private\Bone.cpp">
      <Filter>01.Utility\03.Components\05.Model\Bone</Filter>
    </ClCompile>
    <ClCompile Include="..\Private\Mesh_Tool.cpp">
      <Filter>01.Utility\03.Components\05.Model\Mesh\Tool</Filter>
    </ClCompile>
    <ClCompile Include="..\Private\Mesh_GamePlay.cpp">
      <Filter>01.Utility\03.Components\05.Model\Mesh\GamePlay</Filter>
    </ClCompile>
    <ClCompile Include="..\Private\Channel.cpp">
      <Filter>01.Utility\03.Components\05.Model\Animation\Channel</Filter>
    </ClCompile>
    <ClCompile Include="..\Private\VIBuffer_Static_Terrain.cpp">
      <Filter>01.Utility\03.Components\01.VIBuffer\Terrain\Static</Filter>
    </ClCompile>
    <ClCompile Include="..\Private\Model_Tool.cpp">
      <Filter>01.Utility\03.Components\05.Model\Model\Tool</Filter>
    </ClCompile>
    <ClCompile Include="..\Private\Model_GamePlay.cpp">
      <Filter>01.Utility\03.Components\05.Model\Model\GamePlay</Filter>
    </ClCompile>
    <ClCompile Include="..\Private\Json\Json_Utility.cpp">
      <Filter>01.Utility\91.RapidJson\Json</Filter>
    </ClCompile>
    <ClCompile Include="..\Private\Engine_Struct.cpp">
      <Filter>99.Defines</Filter>
    </ClCompile>
    <ClCompile Include="..\Private\VIBuffer_Dynamic_Plane.cpp">
      <Filter>01.Utility\03.Components\01.VIBuffer\Terrain\Dynamic\Dynamic_Plane</Filter>
    </ClCompile>
    <ClCompile Include="..\Private\VIBuffer_Dynamic_Terrain.cpp">
      <Filter>01.Utility\03.Components\01.VIBuffer\Terrain\Dynamic\Dynamic_Terrain</Filter>
    </ClCompile>
    <ClCompile Include="..\Private\VIBuffer_Dynamic_Terrain_Origin.cpp">
      <Filter>01.Utility\03.Components\01.VIBuffer\Terrain\Dynamic</Filter>
    </ClCompile>
    <ClCompile Include="..\Private\VIBuffer_Cell.cpp">
      <Filter>01.Utility\03.Components\01.VIBuffer\Cell</Filter>
    </ClCompile>
    <ClCompile Include="..\Private\Navigation.cpp">
      <Filter>01.Utility\03.Components\06.Navigation</Filter>
    </ClCompile>
    <ClCompile Include="..\Private\Cell.cpp">
      <Filter>01.Utility\03.Components\06.Navigation\Cell</Filter>
    </ClCompile>
    <ClCompile Include="..\Private\VIBuffer_Cell.cpp">
      <Filter>01.Utility\03.Components\01.VIBuffer\Cell</Filter>
    </ClCompile>
    <ClCompile Include="..\Private\Animation.cpp">
      <Filter>01.Utility\03.Components\05.Model\Animation</Filter>
    </ClCompile>
    <ClCompile Include="..\Private\Cell.cpp">
      <Filter>01.Utility\03.Components\06.Navigation\Cell</Filter>
    </ClCompile>
    <ClCompile Include="..\Private\Navigation.cpp">
      <Filter>01.Utility\03.Components\06.Navigation</Filter>
    </ClCompile>
    <ClCompile Include="..\Private\Model.cpp">
      <Filter>01.Utility\03.Components\05.Model\Model</Filter>
    </ClCompile>
    <ClCompile Include="..\Private\VIBuffer_Cube.cpp">
      <Filter>01.Utility\03.Components\01.VIBuffer\Cube</Filter>
    </ClCompile>
    <ClCompile Include="..\Private\MyAssimp.cpp">
      <Filter>01.Utility\97.MyAssimp\0.Importer</Filter>
    </ClCompile>
    <ClCompile Include="..\Private\MyAIScene.cpp">
      <Filter>01.Utility\97.MyAssimp\1.AIScene</Filter>
    </ClCompile>
    <ClCompile Include="..\Private\MyAINode.cpp">
      <Filter>01.Utility\97.MyAssimp\1.AIScene\AINode</Filter>
    </ClCompile>
    <ClCompile Include="..\Private\MyAIMesh.cpp">
      <Filter>01.Utility\97.MyAssimp\2.AIMesh</Filter>
    </ClCompile>
    <ClCompile Include="..\Private\DebugDraw.cpp">
      <Filter>01.Utility\03.Components\07.Collider\DebugDraw</Filter>
    </ClCompile>
    <ClCompile Include="..\Private\Bounding.cpp">
      <Filter>01.Utility\03.Components\07.Collider\Bounding</Filter>
    </ClCompile>
    <ClCompile Include="..\Private\Bounding_AABB.cpp">
      <Filter>01.Utility\03.Components\07.Collider\Bounding\AABB</Filter>
    </ClCompile>
    <ClCompile Include="..\Private\Bounding_OBB.cpp">
      <Filter>01.Utility\03.Components\07.Collider\Bounding\OBB</Filter>
    </ClCompile>
    <ClCompile Include="..\Private\Bounding_Sphere.cpp">
      <Filter>01.Utility\03.Components\07.Collider\Bounding\Sphere</Filter>
    </ClCompile>
    <ClCompile Include="..\Private\Collider.cpp">
      <Filter>01.Utility\03.Components\07.Collider</Filter>
    </ClCompile>
    <ClCompile Include="..\Private\Body.cpp">
      <Filter>01.Utility\02.GameObjects\Character\Parts\Body</Filter>
    </ClCompile>
    <ClCompile Include="..\Private\Weapon.cpp">
      <Filter>01.Utility\02.GameObjects\Character\Parts\Weapon</Filter>
    </ClCompile>
    <ClCompile Include="..\Private\Character_Temp.cpp">
      <Filter>01.Utility\02.GameObjects\Character\Temp</Filter>
    </ClCompile>
    <ClCompile Include="..\Private\Character.cpp">
      <Filter>01.Utility\02.GameObjects\Character</Filter>
    </ClCompile>
    <ClCompile Include="..\Private\Fonts.cpp">
      <Filter>01.Utility\05.Fonts</Filter>
    </ClCompile>
    <ClCompile Include="..\Private\Fonts_Manager.cpp">
      <Filter>01.Utility\05.Fonts\Manager</Filter>
    </ClCompile>
    <ClCompile Include="..\Private\VIBuffer_Instancing.cpp">
      <Filter>01.Utility\03.Components\01.VIBuffer\Particle\Instancing</Filter>
    </ClCompile>
    <ClCompile Include="..\Private\VIBuffer_Particle_Point.cpp">
      <Filter>01.Utility\03.Components\01.VIBuffer\Particle\Instancing\Point</Filter>
    </ClCompile>
    <ClCompile Include="..\Private\VIBuffer_Particle_Rect.cpp">
      <Filter>01.Utility\03.Components\01.VIBuffer\Particle\Instancing\Rect</Filter>
    </ClCompile>
  </ItemGroup>
  <ItemGroup>
    <FxCompile Include="..\Bin\ShaderFiles\Shader_Navigation.hlsl">
      <Filter>91.ShaderFiles</Filter>
    </FxCompile>
  </ItemGroup>
  <ItemGroup>
    <None Include="..\Bin\ShaderFiles\Shader_Defines.hlsli">
      <Filter>91.ShaderFiles</Filter>
    </None>
  </ItemGroup>
</Project>