<?xml version="1.0" encoding="utf-8"?>
<Project ToolsVersion="4.0" xmlns="http://schemas.microsoft.com/developer/msbuild/2003">
  <ItemGroup>
    <Filter Include="00.System">
      <UniqueIdentifier>{1a19cb95-8c54-4580-9bac-d90c8097c672}</UniqueIdentifier>
    </Filter>
    <Filter Include="01.Utility">
      <UniqueIdentifier>{8d1d710a-2b5b-4929-974e-97740f39f91d}</UniqueIdentifier>
    </Filter>
    <Filter Include="99.Defines">
      <UniqueIdentifier>{d0e54a09-198b-4260-ade5-c39ff5b26346}</UniqueIdentifier>
    </Filter>
    <Filter Include="01.Utility\99.SuperClass">
      <UniqueIdentifier>{44a8a7cb-d2da-403d-87ee-1a2874baef33}</UniqueIdentifier>
    </Filter>
    <Filter Include="01.Utility\00.GameInstance">
      <UniqueIdentifier>{c0ebda6b-598f-4148-ada3-a52766431af3}</UniqueIdentifier>
    </Filter>
    <Filter Include="00.System\00.Device">
      <UniqueIdentifier>{76b07d8a-b562-4735-b2f2-d343d91e08c0}</UniqueIdentifier>
    </Filter>
    <Filter Include="00.System\00.Device\Graphic">
      <UniqueIdentifier>{2e6257be-9441-4fce-b9ad-d20f337865a4}</UniqueIdentifier>
    </Filter>
    <Filter Include="00.System\00.Device\Input">
      <UniqueIdentifier>{6ee4a649-2bc6-403c-813b-aaa9ce6c46e0}</UniqueIdentifier>
    </Filter>
    <Filter Include="00.System\00.Device\Sound">
      <UniqueIdentifier>{e549892a-c8ec-42fc-b4f2-e54e26b49fc4}</UniqueIdentifier>
    </Filter>
    <Filter Include="00.System\01.Timers">
      <UniqueIdentifier>{dcc84078-2787-4cf7-838d-ea50199a3e9c}</UniqueIdentifier>
    </Filter>
    <Filter Include="00.System\01.Timers\Manager">
      <UniqueIdentifier>{dbe91ffc-fe4e-45e9-ba5e-e4398d21d0d2}</UniqueIdentifier>
    </Filter>
    <Filter Include="01.Utility\01.Levles">
      <UniqueIdentifier>{384f952c-96d6-4b52-a350-07c9c6e8202c}</UniqueIdentifier>
    </Filter>
    <Filter Include="01.Utility\01.Levles\Manager">
      <UniqueIdentifier>{4015fa0e-01dc-436c-bd06-627c4bc5a611}</UniqueIdentifier>
    </Filter>
    <Filter Include="01.Utility\02.GameObjects">
      <UniqueIdentifier>{19362af7-6b13-40d7-b09b-b9fca9d0014e}</UniqueIdentifier>
    </Filter>
    <Filter Include="01.Utility\02.GameObjects\Manager">
      <UniqueIdentifier>{7d4ecf17-1079-455f-9cb1-c355a2ff9677}</UniqueIdentifier>
    </Filter>
    <Filter Include="01.Utility\02.GameObjects\Manager\Layer">
      <UniqueIdentifier>{43a709f9-d026-497a-95f1-ace4a0c32c12}</UniqueIdentifier>
    </Filter>
    <Filter Include="01.Utility\98.Renderer">
      <UniqueIdentifier>{8c0815b8-24d3-4b0f-baa8-94b526eb64e7}</UniqueIdentifier>
    </Filter>
    <Filter Include="01.Utility\03.Components">
      <UniqueIdentifier>{e01e9c2d-78af-4ca1-a702-bfb43f0bb79e}</UniqueIdentifier>
    </Filter>
    <Filter Include="01.Utility\03.Components\02.Shader">
      <UniqueIdentifier>{278b63b5-4ae4-43d3-932d-e38b3a53a20d}</UniqueIdentifier>
    </Filter>
    <Filter Include="01.Utility\03.Components\01.VIBuffer">
      <UniqueIdentifier>{b49b7628-bd19-4146-b302-f317d5d862c7}</UniqueIdentifier>
    </Filter>
    <Filter Include="01.Utility\03.Components\01.VIBuffer\Rect">
      <UniqueIdentifier>{d4f8bc63-e3f5-4322-8fb7-c6a975bdcf90}</UniqueIdentifier>
    </Filter>
    <Filter Include="01.Utility\03.Components\00.Manager">
      <UniqueIdentifier>{05723031-9109-4703-8583-3f23fe9e2929}</UniqueIdentifier>
    </Filter>
    <Filter Include="01.Utility\90.BrainTree">
      <UniqueIdentifier>{6241164f-f445-4da8-9c39-bd4325030545}</UniqueIdentifier>
    </Filter>
    <Filter Include="01.Utility\03.Components\03.Transform">
      <UniqueIdentifier>{d1885011-d8ae-4c99-9018-6e29a8240565}</UniqueIdentifier>
    </Filter>
    <Filter Include="01.Utility\03.Components\04.Texture">
      <UniqueIdentifier>{15b504af-130f-47fa-b89e-3ce40bbf6ea3}</UniqueIdentifier>
    </Filter>
    <Filter Include="01.Utility\03.Components\01.VIBuffer\Terrain">
      <UniqueIdentifier>{bcb9942e-3241-45bb-80c6-dfa8693f1f3c}</UniqueIdentifier>
    </Filter>
    <Filter Include="01.Utility\02.GameObjects\Camera">
      <UniqueIdentifier>{eed11770-c090-4337-8b49-f668fd54161d}</UniqueIdentifier>
    </Filter>
    <Filter Include="01.Utility\04.PipeLine">
      <UniqueIdentifier>{5ba9b9e2-70da-4bb4-b227-b91ffe9993f4}</UniqueIdentifier>
    </Filter>
    <Filter Include="00.System\02.InputDev">
      <UniqueIdentifier>{e67c3bd5-02a1-457f-a20c-34d17b079218}</UniqueIdentifier>
    </Filter>
    <Filter Include="01.Utility\03.Components\05.Model">
      <UniqueIdentifier>{702d591c-4b9d-41a1-8b32-c409df795f36}</UniqueIdentifier>
    </Filter>
    <Filter Include="01.Utility\03.Components\05.Model\Mesh">
      <UniqueIdentifier>{8bb95207-9fe7-4e9f-bca8-d75c9fed42d0}</UniqueIdentifier>
    </Filter>
    <Filter Include="01.Utility\03.Components\01.VIBuffer\Terrain\Dynamic">
      <UniqueIdentifier>{a1b7f292-30ec-4414-b15d-872fbbac8153}</UniqueIdentifier>
    </Filter>
    <Filter Include="01.Utility\91.RapidJson">
      <UniqueIdentifier>{be2c1af3-4e18-4b8d-ba19-2e595e13211a}</UniqueIdentifier>
    </Filter>
    <Filter Include="01.Utility\91.RapidJson\Json">
      <UniqueIdentifier>{22594367-3c7e-4b88-a4c6-2aad439174da}</UniqueIdentifier>
    </Filter>
    <Filter Include="01.Utility\03.Components\05.Model\Mesh\GamePlay">
      <UniqueIdentifier>{3ef59217-f0e6-4d74-afdf-9e0997e20845}</UniqueIdentifier>
    </Filter>
    <Filter Include="01.Utility\03.Components\05.Model\Mesh\Tool">
      <UniqueIdentifier>{02f67cea-56ab-4551-acec-9e52e235eeab}</UniqueIdentifier>
    </Filter>
    <Filter Include="01.Utility\03.Components\05.Model\Bone">
      <UniqueIdentifier>{e111a3bf-9b75-4c02-957b-71114869593f}</UniqueIdentifier>
    </Filter>
    <Filter Include="01.Utility\03.Components\05.Model\Animation">
      <UniqueIdentifier>{dd54c86a-8fee-43f0-b293-1242dbaaa17a}</UniqueIdentifier>
    </Filter>
    <Filter Include="01.Utility\03.Components\05.Model\Animation\Channel">
      <UniqueIdentifier>{1e247e24-c486-426a-890d-4a7b64472099}</UniqueIdentifier>
    </Filter>
    <Filter Include="01.Utility\03.Components\01.VIBuffer\Terrain\Static">
      <UniqueIdentifier>{e056d15b-2e2b-44a8-a5fe-7bafab53eae8}</UniqueIdentifier>
    </Filter>
    <Filter Include="01.Utility\03.Components\05.Model\Model">
      <UniqueIdentifier>{85e6bbf0-7fdc-4757-a4b7-8ba139e731a7}</UniqueIdentifier>
    </Filter>
    <Filter Include="01.Utility\03.Components\05.Model\Model\Tool">
      <UniqueIdentifier>{93bef476-751a-4fbd-8843-fc0243dfe42f}</UniqueIdentifier>
    </Filter>
    <Filter Include="01.Utility\03.Components\05.Model\Model\GamePlay">
      <UniqueIdentifier>{3ac28e4c-013b-46b1-81fe-b5a94891fd05}</UniqueIdentifier>
    </Filter>
    <Filter Include="01.Utility\03.Components\01.VIBuffer\Terrain\Dynamic\Dynamic_Plane">
      <UniqueIdentifier>{a7d51065-269f-4d81-8230-1ade511ba69a}</UniqueIdentifier>
    </Filter>
    <Filter Include="01.Utility\03.Components\01.VIBuffer\Terrain\Dynamic\Dynamic_Terrain">
      <UniqueIdentifier>{90db5b33-d629-4281-aa34-1548a5140d13}</UniqueIdentifier>
    </Filter>
    <Filter Include="01.Utility\03.Components\01.VIBuffer\Cell">
      <UniqueIdentifier>{533ce6b1-7c28-4518-8250-e55dfa53c026}</UniqueIdentifier>
    </Filter>
    <Filter Include="01.Utility\02.GameObjects\Character">
      <UniqueIdentifier>{6648278e-a456-4262-85bd-e6a36fe4e644}</UniqueIdentifier>
    </Filter>
    <Filter Include="01.Utility\03.Components\99. StatePattern">
      <UniqueIdentifier>{98e39436-539c-42f0-8a7b-d8845a482c70}</UniqueIdentifier>
    </Filter>
    <Filter Include="01.Utility\03.Components\01.VIBuffer\Cell">
      <UniqueIdentifier>{3bef20e3-96f0-47e7-8d15-58482561ca00}</UniqueIdentifier>
    </Filter>
    <Filter Include="01.Utility\03.Components\06.Navigation">
      <UniqueIdentifier>{1b55f55b-0bf7-46e3-90f6-0bf49c44debf}</UniqueIdentifier>
    </Filter>
    <Filter Include="01.Utility\03.Components\06.Navigation\Cell">
      <UniqueIdentifier>{f6ae09a2-decc-43a8-8eec-2098c6ede900}</UniqueIdentifier>
    </Filter>
    <Filter Include="98.ShaderFiles">
      <UniqueIdentifier>{5f93ed6c-e779-45f0-b182-344e51c83a58}</UniqueIdentifier>
    </Filter>
    <Filter Include="01.Utility\03.Components\01.VIBuffer\Cube">
      <UniqueIdentifier>{3be7f3be-9695-4eeb-9723-692009aad681}</UniqueIdentifier>
    </Filter>
    <Filter Include="01.Utility\97.DATA">
      <UniqueIdentifier>{d156f5ac-32fd-46b4-8033-d738e0c85c4f}</UniqueIdentifier>
    </Filter>
    <Filter Include="01.Utility\97.DATA\AnimationData">
      <UniqueIdentifier>{9f41b939-a222-4cfa-b25d-4289644fbb32}</UniqueIdentifier>
    </Filter>
    <Filter Include="01.Utility\97.DATA\ModelData">
      <UniqueIdentifier>{295e3f78-2312-4ef5-b296-e9a343b855c7}</UniqueIdentifier>
    </Filter>
    <Filter Include="01.Utility\97.DATA\MeshData">
      <UniqueIdentifier>{745cc1b9-66d7-441e-821a-ae3b2286bb48}</UniqueIdentifier>
    </Filter>
    <Filter Include="01.Utility\97.DATA\MaterialData">
      <UniqueIdentifier>{49bf7cca-5eea-4f53-96a8-e40c7e988d1b}</UniqueIdentifier>
    </Filter>
    <Filter Include="01.Utility\97.DATA\BoneData">
      <UniqueIdentifier>{6b05fa11-61f9-4c6e-ae07-b36b618c92f2}</UniqueIdentifier>
    </Filter>
    <Filter Include="01.Utility\97.DATA\ChannelData">
      <UniqueIdentifier>{45c11753-74f3-49c4-8ddf-ab243ba3cff5}</UniqueIdentifier>
    </Filter>
    <Filter Include="01.Utility\97.DATA\NodeData">
      <UniqueIdentifier>{d1262ff3-3302-4fd7-b166-da7390da0feb}</UniqueIdentifier>
    </Filter>
  </ItemGroup>
  <ItemGroup>
    <ClInclude Include="..\public\Base.h">
      <Filter>01.Utility\99.SuperClass</Filter>
    </ClInclude>
    <ClInclude Include="..\Public\Engine_Macro.h">
      <Filter>99.Defines</Filter>
    </ClInclude>
    <ClInclude Include="..\Public\Engine_Typedef.h">
      <Filter>99.Defines</Filter>
    </ClInclude>
    <ClInclude Include="..\Public\Engine_Function.h">
      <Filter>99.Defines</Filter>
    </ClInclude>
    <ClInclude Include="..\Public\Engine_Defines.h">
      <Filter>99.Defines</Filter>
    </ClInclude>
    <ClInclude Include="..\public\GameInstance.h">
      <Filter>01.Utility\00.GameInstance</Filter>
    </ClInclude>
    <ClInclude Include="..\Public\Graphic_Device.h">
      <Filter>00.System\00.Device\Graphic</Filter>
    </ClInclude>
    <ClInclude Include="..\Public\Engine_Struct.h">
      <Filter>99.Defines</Filter>
    </ClInclude>
    <ClInclude Include="..\Public\Timer.h">
      <Filter>00.System\01.Timers</Filter>
    </ClInclude>
    <ClInclude Include="..\Public\Timer_Manager.h">
      <Filter>00.System\01.Timers\Manager</Filter>
    </ClInclude>
    <ClInclude Include="..\public\Level.h">
      <Filter>01.Utility\01.Levles</Filter>
    </ClInclude>
    <ClInclude Include="..\public\Level_Manager.h">
      <Filter>01.Utility\01.Levles\Manager</Filter>
    </ClInclude>
    <ClInclude Include="..\Public\GameObject.h">
      <Filter>01.Utility\02.GameObjects</Filter>
    </ClInclude>
    <ClInclude Include="..\public\Object_Manager.h">
      <Filter>01.Utility\02.GameObjects\Manager</Filter>
    </ClInclude>
    <ClInclude Include="..\Public\Layer.h">
      <Filter>01.Utility\02.GameObjects\Manager\Layer</Filter>
    </ClInclude>
    <ClInclude Include="..\public\Renderer.h">
      <Filter>01.Utility\98.Renderer</Filter>
    </ClInclude>
    <ClInclude Include="..\public\Component.h">
      <Filter>01.Utility\03.Components</Filter>
    </ClInclude>
    <ClInclude Include="..\public\VIBuffer.h">
      <Filter>01.Utility\03.Components\01.VIBuffer</Filter>
    </ClInclude>
    <ClInclude Include="..\public\VIBuffer_Rect.h">
      <Filter>01.Utility\03.Components\01.VIBuffer\Rect</Filter>
    </ClInclude>
    <ClInclude Include="..\Public\Component_Manager.h">
      <Filter>01.Utility\03.Components\00.Manager</Filter>
    </ClInclude>
    <ClInclude Include="..\Public\Shader.h">
      <Filter>01.Utility\03.Components\02.Shader</Filter>
    </ClInclude>
    <ClInclude Include="..\Public\BrainTree.h">
      <Filter>01.Utility\90.BrainTree</Filter>
    </ClInclude>
    <ClInclude Include="..\Public\Transform.h">
      <Filter>01.Utility\03.Components\03.Transform</Filter>
    </ClInclude>
    <ClInclude Include="..\Public\Texture.h">
      <Filter>01.Utility\03.Components\04.Texture</Filter>
    </ClInclude>
    <ClInclude Include="..\Public\VIBuffer_Terrain.h">
      <Filter>01.Utility\03.Components\01.VIBuffer\Terrain</Filter>
    </ClInclude>
    <ClInclude Include="..\Public\Camera.h">
      <Filter>01.Utility\02.GameObjects\Camera</Filter>
    </ClInclude>
    <ClInclude Include="..\Public\PipeLine.h">
      <Filter>01.Utility\04.PipeLine</Filter>
    </ClInclude>
    <ClInclude Include="..\Public\InputDev.h">
      <Filter>00.System\02.InputDev</Filter>
    </ClInclude>
    <ClInclude Include="..\Public\Engine_Enum.h">
      <Filter>99.Defines</Filter>
    </ClInclude>
    <ClInclude Include="..\Public\Mesh.h">
      <Filter>01.Utility\03.Components\05.Model\Mesh</Filter>
    </ClInclude>
    <ClInclude Include="..\Public\RapidJson.h">
      <Filter>01.Utility\91.RapidJson</Filter>
    </ClInclude>
    <ClInclude Include="..\Public\Json\json.hpp">
      <Filter>01.Utility\91.RapidJson\Json</Filter>
    </ClInclude>
    <ClInclude Include="..\Public\Bone.h">
      <Filter>01.Utility\03.Components\05.Model\Bone</Filter>
    </ClInclude>
    <ClInclude Include="..\Public\Mesh_Tool.h">
      <Filter>01.Utility\03.Components\05.Model\Mesh\Tool</Filter>
    </ClInclude>
    <ClInclude Include="..\Public\Mesh_GamePlay.h">
      <Filter>01.Utility\03.Components\05.Model\Mesh\GamePlay</Filter>
    </ClInclude>
    <ClInclude Include="..\Public\Channel.h">
      <Filter>01.Utility\03.Components\05.Model\Animation\Channel</Filter>
    </ClInclude>
    <ClInclude Include="..\Public\VIBuffer_Static_Terrain.h">
      <Filter>01.Utility\03.Components\01.VIBuffer\Terrain\Static</Filter>
    </ClInclude>
    <ClInclude Include="..\Public\Model_Tool.h">
      <Filter>01.Utility\03.Components\05.Model\Model\Tool</Filter>
    </ClInclude>
    <ClInclude Include="..\Public\Model_GamePlay.h">
      <Filter>01.Utility\03.Components\05.Model\Model\GamePlay</Filter>
    </ClInclude>
    <ClInclude Include="..\Public\Json\Json_Utility.h">
      <Filter>01.Utility\91.RapidJson\Json</Filter>
    </ClInclude>
    <ClInclude Include="..\Public\VIBuffer_Dynamic_Plane.h">
      <Filter>01.Utility\03.Components\01.VIBuffer\Terrain\Dynamic\Dynamic_Plane</Filter>
    </ClInclude>
    <ClInclude Include="..\Public\VIBuffer_Dynamic_Terrain_Origin.h">
      <Filter>01.Utility\03.Components\01.VIBuffer\Terrain\Dynamic</Filter>
    </ClInclude>
    <ClInclude Include="..\Public\VIBuffer_Dynamic_Terrain.h">
      <Filter>01.Utility\03.Components\01.VIBuffer\Terrain\Dynamic\Dynamic_Terrain</Filter>
    </ClInclude>
    <ClInclude Include="..\Public\VIBuffer_Cell.h">
      <Filter>01.Utility\03.Components\01.VIBuffer\Cell</Filter>
    </ClInclude>
    <ClInclude Include="..\Public\Character.h">
      <Filter>01.Utility\02.GameObjects\Character</Filter>
    </ClInclude>
    <ClInclude Include="..\Public\Animation.h">
      <Filter>01.Utility\03.Components\05.Model\Animation</Filter>
    </ClInclude>
    <ClInclude Include="..\Public\Navigation.h">
      <Filter>01.Utility\03.Components\06.Navigation</Filter>
    </ClInclude>
    <ClInclude Include="..\Public\Cell.h">
      <Filter>01.Utility\03.Components\06.Navigation\Cell</Filter>
    </ClInclude>
    <ClInclude Include="..\Public\Model.h">
      <Filter>01.Utility\03.Components\05.Model\Model</Filter>
    </ClInclude>
    <ClInclude Include="..\Public\VIBuffer_Cube.h">
      <Filter>01.Utility\03.Components\01.VIBuffer\Cube</Filter>
    </ClInclude>
    <ClInclude Include="..\Public\MODEL_DATA.h">
      <Filter>01.Utility\97.DATA\ModelData</Filter>
    </ClInclude>
    <ClInclude Include="..\Public\ANIMATION_DATA.h">
      <Filter>01.Utility\97.DATA\AnimationData</Filter>
    </ClInclude>
    <ClInclude Include="..\Public\MESH_DATA.h">
      <Filter>01.Utility\97.DATA\MeshData</Filter>
    </ClInclude>
    <ClInclude Include="..\Public\NODE_DATA.h">
      <Filter>01.Utility\97.DATA\NodeData</Filter>
    </ClInclude>
    <ClInclude Include="..\Public\MATERIAL_DATA.h">
      <Filter>01.Utility\97.DATA\MaterialData</Filter>
    </ClInclude>
    <ClInclude Include="..\Public\CHANNEL_DATA.h">
      <Filter>01.Utility\97.DATA\ChannelData</Filter>
    </ClInclude>
    <ClInclude Include="..\Public\BONE_DATA.h">
      <Filter>01.Utility\97.DATA\BoneData</Filter>
    </ClInclude>
  </ItemGroup>
  <ItemGroup>
    <ClCompile Include="..\private\Base.cpp">
      <Filter>01.Utility\99.SuperClass</Filter>
    </ClCompile>
    <ClCompile Include="..\private\GameInstance.cpp">
      <Filter>01.Utility\00.GameInstance</Filter>
    </ClCompile>
    <ClCompile Include="..\Private\Graphic_Device.cpp">
      <Filter>00.System\00.Device\Graphic</Filter>
    </ClCompile>
    <ClCompile Include="..\Private\Timer.cpp">
      <Filter>00.System\01.Timers</Filter>
    </ClCompile>
    <ClCompile Include="..\Private\Timer_Manager.cpp">
      <Filter>00.System\01.Timers\Manager</Filter>
    </ClCompile>
    <ClCompile Include="..\private\Level.cpp">
      <Filter>01.Utility\01.Levles</Filter>
    </ClCompile>
    <ClCompile Include="..\private\Level_Manager.cpp">
      <Filter>01.Utility\01.Levles\Manager</Filter>
    </ClCompile>
    <ClCompile Include="..\Private\GameObject.cpp">
      <Filter>01.Utility\02.GameObjects</Filter>
    </ClCompile>
    <ClCompile Include="..\private\Object_Manager.cpp">
      <Filter>01.Utility\02.GameObjects\Manager</Filter>
    </ClCompile>
    <ClCompile Include="..\Private\Layer.cpp">
      <Filter>01.Utility\02.GameObjects\Manager\Layer</Filter>
    </ClCompile>
    <ClCompile Include="..\private\Renderer.cpp">
      <Filter>01.Utility\98.Renderer</Filter>
    </ClCompile>
    <ClCompile Include="..\private\Component.cpp">
      <Filter>01.Utility\03.Components</Filter>
    </ClCompile>
    <ClCompile Include="..\private\VIBuffer.cpp">
      <Filter>01.Utility\03.Components\01.VIBuffer</Filter>
    </ClCompile>
    <ClCompile Include="..\private\VIBuffer_Rect.cpp">
      <Filter>01.Utility\03.Components\01.VIBuffer\Rect</Filter>
    </ClCompile>
    <ClCompile Include="..\Private\Component_Manager.cpp">
      <Filter>01.Utility\03.Components\00.Manager</Filter>
    </ClCompile>
    <ClCompile Include="..\Private\Shader.cpp">
      <Filter>01.Utility\03.Components\02.Shader</Filter>
    </ClCompile>
    <ClCompile Include="..\Private\Transform.cpp">
      <Filter>01.Utility\03.Components\03.Transform</Filter>
    </ClCompile>
    <ClCompile Include="..\Private\Texture.cpp">
      <Filter>01.Utility\03.Components\04.Texture</Filter>
    </ClCompile>
    <ClCompile Include="..\Private\VIBuffer_Terrain.cpp">
      <Filter>01.Utility\03.Components\01.VIBuffer\Terrain</Filter>
    </ClCompile>
    <ClCompile Include="..\Private\Camera.cpp">
      <Filter>01.Utility\02.GameObjects\Camera</Filter>
    </ClCompile>
    <ClCompile Include="..\Private\PipeLine.cpp">
      <Filter>01.Utility\04.PipeLine</Filter>
    </ClCompile>
    <ClCompile Include="..\Private\InputDev.cpp">
      <Filter>00.System\02.InputDev</Filter>
    </ClCompile>
    <ClCompile Include="..\Private\Mesh.cpp">
      <Filter>01.Utility\03.Components\05.Model\Mesh</Filter>
    </ClCompile>
    <ClCompile Include="..\Private\RapidJson.cpp">
      <Filter>01.Utility\91.RapidJson</Filter>
    </ClCompile>
    <ClCompile Include="..\Private\Bone.cpp">
      <Filter>01.Utility\03.Components\05.Model\Bone</Filter>
    </ClCompile>
    <ClCompile Include="..\Private\Mesh_Tool.cpp">
      <Filter>01.Utility\03.Components\05.Model\Mesh\Tool</Filter>
    </ClCompile>
    <ClCompile Include="..\Private\Mesh_GamePlay.cpp">
      <Filter>01.Utility\03.Components\05.Model\Mesh\GamePlay</Filter>
    </ClCompile>
    <ClCompile Include="..\Private\Channel.cpp">
      <Filter>01.Utility\03.Components\05.Model\Animation\Channel</Filter>
    </ClCompile>
    <ClCompile Include="..\Private\VIBuffer_Static_Terrain.cpp">
      <Filter>01.Utility\03.Components\01.VIBuffer\Terrain\Static</Filter>
    </ClCompile>
    <ClCompile Include="..\Private\Model_Tool.cpp">
      <Filter>01.Utility\03.Components\05.Model\Model\Tool</Filter>
    </ClCompile>
    <ClCompile Include="..\Private\Model_GamePlay.cpp">
      <Filter>01.Utility\03.Components\05.Model\Model\GamePlay</Filter>
    </ClCompile>
    <ClCompile Include="..\Private\Json\Json_Utility.cpp">
      <Filter>01.Utility\91.RapidJson\Json</Filter>
    </ClCompile>
    <ClCompile Include="..\Private\Engine_Struct.cpp">
      <Filter>99.Defines</Filter>
    </ClCompile>
    <ClCompile Include="..\Private\VIBuffer_Dynamic_Plane.cpp">
      <Filter>01.Utility\03.Components\01.VIBuffer\Terrain\Dynamic\Dynamic_Plane</Filter>
    </ClCompile>
    <ClCompile Include="..\Private\VIBuffer_Dynamic_Terrain.cpp">
      <Filter>01.Utility\03.Components\01.VIBuffer\Terrain\Dynamic\Dynamic_Terrain</Filter>
    </ClCompile>
    <ClCompile Include="..\Private\VIBuffer_Dynamic_Terrain_Origin.cpp">
      <Filter>01.Utility\03.Components\01.VIBuffer\Terrain\Dynamic</Filter>
    </ClCompile>
    <ClCompile Include="..\Private\VIBuffer_Cell.cpp">
      <Filter>01.Utility\03.Components\01.VIBuffer\Cell</Filter>
    </ClCompile>
    <ClCompile Include="..\Private\Character.cpp">
      <Filter>01.Utility\02.GameObjects\Character</Filter>
    </ClCompile>
    <ClCompile Include="..\Private\Navigation.cpp">
      <Filter>01.Utility\03.Components\06.Navigation</Filter>
    </ClCompile>
    <ClCompile Include="..\Private\Cell.cpp">
      <Filter>01.Utility\03.Components\06.Navigation\Cell</Filter>
    </ClCompile>
    <ClCompile Include="..\Private\VIBuffer_Cell.cpp">
      <Filter>01.Utility\03.Components\01.VIBuffer\Cell</Filter>
    </ClCompile>
    <ClCompile Include="..\Private\Animation.cpp">
      <Filter>01.Utility\03.Components\05.Model\Animation</Filter>
    </ClCompile>
    <ClCompile Include="..\Private\Cell.cpp">
      <Filter>01.Utility\03.Components\06.Navigation\Cell</Filter>
    </ClCompile>
    <ClCompile Include="..\Private\Navigation.cpp">
      <Filter>01.Utility\03.Components\06.Navigation</Filter>
    </ClCompile>
    <ClCompile Include="..\Private\Model.cpp">
      <Filter>01.Utility\03.Components\05.Model\Model</Filter>
    </ClCompile>
    <ClCompile Include="..\Private\VIBuffer_Cube.cpp">
      <Filter>01.Utility\03.Components\01.VIBuffer\Cube</Filter>
    </ClCompile>
    <ClCompile Include="..\Private\MODEL_DATA.cpp">
      <Filter>01.Utility\97.DATA\ModelData</Filter>
    </ClCompile>
    <ClCompile Include="..\Private\ANIMATION_DATA.cpp">
      <Filter>01.Utility\97.DATA\AnimationData</Filter>
    </ClCompile>
    <ClCompile Include="..\Private\MESH_DATA.cpp">
      <Filter>01.Utility\97.DATA\MeshData</Filter>
    </ClCompile>
    <ClCompile Include="..\Private\NODE_DATA.cpp">
      <Filter>01.Utility\97.DATA\NodeData</Filter>
    </ClCompile>
    <ClCompile Include="..\Private\MATERIAL_DATA.cpp">
      <Filter>01.Utility\97.DATA\MaterialData</Filter>
    </ClCompile>
    <ClCompile Include="..\Private\CHANNEL_DATA.cpp">
      <Filter>01.Utility\97.DATA\ChannelData</Filter>
    </ClCompile>
    <ClCompile Include="..\Private\BONE_DATA.cpp">
      <Filter>01.Utility\97.DATA\BoneData</Filter>
    </ClCompile>
  </ItemGroup>
  <ItemGroup>
    <FxCompile Include="..\Bin\ShaderFiles\Shader_Navigation.hlsl">
      <Filter>98.ShaderFiles</Filter>
    </FxCompile>
  </ItemGroup>
  <ItemGroup>
    <None Include="..\Bin\ShaderFiles\Shader_Defines.hlsli">
      <Filter>98.ShaderFiles</Filter>
    </None>
  </ItemGroup>
</Project>